
Microsoft Visual Studio Solution File, Format Version 12.00
# Visual Studio Version 17
VisualStudioVersion = 17.9.34607.119
MinimumVisualStudioVersion = 10.0.40219.1
Project("{FAE04EC0-301F-11D3-BF4B-00C04F79EFBC}") = "PracticeInterview.Tests", "PracticeInterview.Tests\PracticeInterview.Tests.csproj", "{EEE35DCD-651E-4CC4-8381-966EF49435ED}"
EndProject
Global
	GlobalSection(SolutionConfigurationPlatforms) = preSolution
		Debug|Any CPU = Debug|Any CPU
		Release|Any CPU = Release|Any CPU
	EndGlobalSection
	GlobalSection(ProjectConfigurationPlatforms) = postSolution
		{EEE35DCD-651E-4CC4-8381-966EF49435ED}.Debug|Any CPU.ActiveCfg = Debug|Any CPU
		{EEE35DCD-651E-4CC4-8381-966EF49435ED}.Debug|Any CPU.Build.0 = Debug|Any CPU
		{EEE35DCD-651E-4CC4-8381-966EF49435ED}.Release|Any CPU.ActiveCfg = Release|Any CPU
		{EEE35DCD-651E-4CC4-8381-966EF49435ED}.Release|Any CPU.Build.0 = Release|Any CPU
	EndGlobalSection
	GlobalSection(SolutionProperties) = preSolution
		HideSolutionNode = FALSE
	EndGlobalSection
	GlobalSection(ExtensibilityGlobals) = postSolution
		SolutionGuid = {30DE11B2-BEE2-4634-997F-175D126098CC}
	EndGlobalSection
EndGlobal
